// !$*UTF8*$!
{
	archiveVersion = 1;
	classes = {
	};
	objectVersion = 51;
	objects = {

/* Begin PBXBuildFile section */
		396B4D1709A51BDBD51C2A56 /* Pods_FindRestaurants.framework in Frameworks */ = {isa = PBXBuildFile; fileRef = E18210E33E5DF742C8BD4876 /* Pods_FindRestaurants.framework */; };
		72FE99D373FFA6656FA3868E /* Pods_FindRestaurantsTests.framework in Frameworks */ = {isa = PBXBuildFile; fileRef = 521ACBEA3D2EB36CADE9C49E /* Pods_FindRestaurantsTests.framework */; };
		AC2DBF0024015E9A006B76B1 /* Mocks.internal.generated.swift in Sources */ = {isa = PBXBuildFile; fileRef = AC2DBEF624015E9A006B76B1 /* Mocks.internal.generated.swift */; };
		AC2DBF0124015E9A006B76B1 /* MockResult.swift in Sources */ = {isa = PBXBuildFile; fileRef = AC2DBEFA24015E9A006B76B1 /* MockResult.swift */; };
		AC2DBF0224015E9A006B76B1 /* file-output.include in Resources */ = {isa = PBXBuildFile; fileRef = AC2DBEFB24015E9A006B76B1 /* file-output.include */; };
		AC2DBF0324015E9A006B76B1 /* template.include in Resources */ = {isa = PBXBuildFile; fileRef = AC2DBEFC24015E9A006B76B1 /* template.include */; };
		AC2DBF0424015E9A006B76B1 /* README.md in Resources */ = {isa = PBXBuildFile; fileRef = AC2DBEFD24015E9A006B76B1 /* README.md */; };
		AC2DBF0524015E9A006B76B1 /* Mocks.internal.stencil in Resources */ = {isa = PBXBuildFile; fileRef = AC2DBEFE24015E9A006B76B1 /* Mocks.internal.stencil */; };
		AC2DBF082401658E006B76B1 /* RestaurantsInteractorSpec.swift in Sources */ = {isa = PBXBuildFile; fileRef = AC2DBF072401658E006B76B1 /* RestaurantsInteractorSpec.swift */; };
		AC2DBF0D2401995A006B76B1 /* Dependencies.swift in Sources */ = {isa = PBXBuildFile; fileRef = AC2DBF0C2401995A006B76B1 /* Dependencies.swift */; };
		AC7F8EF923CB240C005A2A80 /* Restaurant.swift in Sources */ = {isa = PBXBuildFile; fileRef = AC7F8EF823CB240C005A2A80 /* Restaurant.swift */; };
		AC7F8EFB23CB4235005A2A80 /* Meta.swift in Sources */ = {isa = PBXBuildFile; fileRef = AC7F8EFA23CB4235005A2A80 /* Meta.swift */; };
		AC7F8EFD23CBC00E005A2A80 /* RestaurantsLimitQuery.swift in Sources */ = {isa = PBXBuildFile; fileRef = AC7F8EFC23CBC00E005A2A80 /* RestaurantsLimitQuery.swift */; };
		AC7F8EFF23CBD894005A2A80 /* RestaurantsQuery.swift in Sources */ = {isa = PBXBuildFile; fileRef = AC7F8EFE23CBD894005A2A80 /* RestaurantsQuery.swift */; };
		AC7F8F0123CC72B3005A2A80 /* MapOverlayOpacityQuery.swift in Sources */ = {isa = PBXBuildFile; fileRef = AC7F8F0023CC72B3005A2A80 /* MapOverlayOpacityQuery.swift */; };
		AC7F8F0323CCA3E9005A2A80 /* QueryThrottler.swift in Sources */ = {isa = PBXBuildFile; fileRef = AC7F8F0223CCA3E9005A2A80 /* QueryThrottler.swift */; };
		ACB7D53523C9BF1A009DF29A /* AppDelegate.swift in Sources */ = {isa = PBXBuildFile; fileRef = ACB7D53423C9BF1A009DF29A /* AppDelegate.swift */; };
		ACB7D53E23C9BF1F009DF29A /* Assets.xcassets in Resources */ = {isa = PBXBuildFile; fileRef = ACB7D53D23C9BF1F009DF29A /* Assets.xcassets */; };
		ACB7D54123C9BF1F009DF29A /* LaunchScreen.storyboard in Resources */ = {isa = PBXBuildFile; fileRef = ACB7D53F23C9BF1F009DF29A /* LaunchScreen.storyboard */; };
		ACB7D55023C9C60B009DF29A /* RestaurantsViewController.swift in Sources */ = {isa = PBXBuildFile; fileRef = ACB7D54923C9C60B009DF29A /* RestaurantsViewController.swift */; };
		ACB7D55123C9C60B009DF29A /* RestaurantsViewController.xib in Resources */ = {isa = PBXBuildFile; fileRef = ACB7D54A23C9C60B009DF29A /* RestaurantsViewController.xib */; };
		ACB7D55223C9C60B009DF29A /* RestaurantsRouterFactory.swift in Sources */ = {isa = PBXBuildFile; fileRef = ACB7D54B23C9C60B009DF29A /* RestaurantsRouterFactory.swift */; };
		ACB7D55323C9C60B009DF29A /* RestaurantsInteractor.swift in Sources */ = {isa = PBXBuildFile; fileRef = ACB7D54C23C9C60B009DF29A /* RestaurantsInteractor.swift */; };
		ACB7D55423C9C60B009DF29A /* RestaurantsRouter.swift in Sources */ = {isa = PBXBuildFile; fileRef = ACB7D54D23C9C60B009DF29A /* RestaurantsRouter.swift */; };
		ACB7D55523C9C60B009DF29A /* RestaurantsPresenter.swift in Sources */ = {isa = PBXBuildFile; fileRef = ACB7D54E23C9C60B009DF29A /* RestaurantsPresenter.swift */; };
		ACB7D55623C9C60B009DF29A /* RestaurantsDisplayFactory.swift in Sources */ = {isa = PBXBuildFile; fileRef = ACB7D54F23C9C60B009DF29A /* RestaurantsDisplayFactory.swift */; };
		ACB7D55823C9CBAC009DF29A /* MapStyle.geojson in Resources */ = {isa = PBXBuildFile; fileRef = ACB7D55723C9CBAC009DF29A /* MapStyle.geojson */; };
		ACB7D55B23C9E9D1009DF29A /* FoursquareApiClient.swift in Sources */ = {isa = PBXBuildFile; fileRef = ACB7D55A23C9E9D1009DF29A /* FoursquareApiClient.swift */; };
		ACB7D55E23C9F60A009DF29A /* SearchVenuesResponse.swift in Sources */ = {isa = PBXBuildFile; fileRef = ACB7D55D23C9F60A009DF29A /* SearchVenuesResponse.swift */; };
		ACB7D56323C9FC7E009DF29A /* Coordinate.swift in Sources */ = {isa = PBXBuildFile; fileRef = ACB7D56223C9FC7E009DF29A /* Coordinate.swift */; };
		ACB7D56523CA0F84009DF29A /* Venue.swift in Sources */ = {isa = PBXBuildFile; fileRef = ACB7D56423CA0F84009DF29A /* Venue.swift */; };
		ACB7D56B23CA3A29009DF29A /* StorageManager.swift in Sources */ = {isa = PBXBuildFile; fileRef = ACB7D56A23CA3A29009DF29A /* StorageManager.swift */; };
		ACB7D56E23CA3DCB009DF29A /* PopupState.swift in Sources */ = {isa = PBXBuildFile; fileRef = ACB7D56D23CA3DCB009DF29A /* PopupState.swift */; };
		ACB7D57023CA3DD6009DF29A /* PopupViewAnimator.swift in Sources */ = {isa = PBXBuildFile; fileRef = ACB7D56F23CA3DD6009DF29A /* PopupViewAnimator.swift */; };
		ACB7D57323CA3E70009DF29A /* RestaurantInfoView.swift in Sources */ = {isa = PBXBuildFile; fileRef = ACB7D57223CA3E70009DF29A /* RestaurantInfoView.swift */; };
		ACB7D57623CA3F53009DF29A /* AppTheme.swift in Sources */ = {isa = PBXBuildFile; fileRef = ACB7D57523CA3F53009DF29A /* AppTheme.swift */; };
		ACB7D57823CA3F6B009DF29A /* TextAttributes.swift in Sources */ = {isa = PBXBuildFile; fileRef = ACB7D57723CA3F6B009DF29A /* TextAttributes.swift */; };
		ACB7D57A23CA3FFB009DF29A /* RestaurantInfoViewState.swift in Sources */ = {isa = PBXBuildFile; fileRef = ACB7D57923CA3FFB009DF29A /* RestaurantInfoViewState.swift */; };
		ACB7D57C23CA881E009DF29A /* GetVenueDetailsResponse.swift in Sources */ = {isa = PBXBuildFile; fileRef = ACB7D57B23CA881E009DF29A /* GetVenueDetailsResponse.swift */; };
/* End PBXBuildFile section */

/* Begin PBXContainerItemProxy section */
		AC2DBEEE24015E30006B76B1 /* PBXContainerItemProxy */ = {
			isa = PBXContainerItemProxy;
			containerPortal = ACB7D52923C9BF19009DF29A /* Project object */;
			proxyType = 1;
			remoteGlobalIDString = ACB7D53023C9BF1A009DF29A;
			remoteInfo = FindRestaurants;
		};
/* End PBXContainerItemProxy section */

/* Begin PBXFileReference section */
		0BBFE45B2774B7A373D3F85A /* Pods-FindRestaurantsTests.debug.xcconfig */ = {isa = PBXFileReference; includeInIndex = 1; lastKnownFileType = text.xcconfig; name = "Pods-FindRestaurantsTests.debug.xcconfig"; path = "Target Support Files/Pods-FindRestaurantsTests/Pods-FindRestaurantsTests.debug.xcconfig"; sourceTree = "<group>"; };
		521ACBEA3D2EB36CADE9C49E /* Pods_FindRestaurantsTests.framework */ = {isa = PBXFileReference; explicitFileType = wrapper.framework; includeInIndex = 0; path = Pods_FindRestaurantsTests.framework; sourceTree = BUILT_PRODUCTS_DIR; };
		5A28729AD72F29F9EF5E7D7C /* Pods-FindRestaurantsTests.release.xcconfig */ = {isa = PBXFileReference; includeInIndex = 1; lastKnownFileType = text.xcconfig; name = "Pods-FindRestaurantsTests.release.xcconfig"; path = "Target Support Files/Pods-FindRestaurantsTests/Pods-FindRestaurantsTests.release.xcconfig"; sourceTree = "<group>"; };
		A57FE6656564A55FF8E974E6 /* Pods-FindRestaurants.release.xcconfig */ = {isa = PBXFileReference; includeInIndex = 1; lastKnownFileType = text.xcconfig; name = "Pods-FindRestaurants.release.xcconfig"; path = "Target Support Files/Pods-FindRestaurants/Pods-FindRestaurants.release.xcconfig"; sourceTree = "<group>"; };
		AC2DBEE924015E30006B76B1 /* FindRestaurantsTests.xctest */ = {isa = PBXFileReference; explicitFileType = wrapper.cfbundle; includeInIndex = 0; path = FindRestaurantsTests.xctest; sourceTree = BUILT_PRODUCTS_DIR; };
		AC2DBEF624015E9A006B76B1 /* Mocks.internal.generated.swift */ = {isa = PBXFileReference; fileEncoding = 4; lastKnownFileType = sourcecode.swift; path = Mocks.internal.generated.swift; sourceTree = "<group>"; };
		AC2DBEFA24015E9A006B76B1 /* MockResult.swift */ = {isa = PBXFileReference; fileEncoding = 4; lastKnownFileType = sourcecode.swift; path = MockResult.swift; sourceTree = "<group>"; };
		AC2DBEFB24015E9A006B76B1 /* file-output.include */ = {isa = PBXFileReference; fileEncoding = 4; lastKnownFileType = text; path = "file-output.include"; sourceTree = "<group>"; };
		AC2DBEFC24015E9A006B76B1 /* template.include */ = {isa = PBXFileReference; fileEncoding = 4; lastKnownFileType = text; path = template.include; sourceTree = "<group>"; };
		AC2DBEFD24015E9A006B76B1 /* README.md */ = {isa = PBXFileReference; fileEncoding = 4; lastKnownFileType = net.daringfireball.markdown; path = README.md; sourceTree = "<group>"; };
		AC2DBEFE24015E9A006B76B1 /* Mocks.internal.stencil */ = {isa = PBXFileReference; fileEncoding = 4; lastKnownFileType = text; path = Mocks.internal.stencil; sourceTree = "<group>"; };
		AC2DBF072401658E006B76B1 /* RestaurantsInteractorSpec.swift */ = {isa = PBXFileReference; lastKnownFileType = sourcecode.swift; path = RestaurantsInteractorSpec.swift; sourceTree = "<group>"; };
		AC2DBF0C2401995A006B76B1 /* Dependencies.swift */ = {isa = PBXFileReference; lastKnownFileType = sourcecode.swift; path = Dependencies.swift; sourceTree = "<group>"; };
		AC7F8EF823CB240C005A2A80 /* Restaurant.swift */ = {isa = PBXFileReference; lastKnownFileType = sourcecode.swift; path = Restaurant.swift; sourceTree = "<group>"; };
		AC7F8EFA23CB4235005A2A80 /* Meta.swift */ = {isa = PBXFileReference; lastKnownFileType = sourcecode.swift; path = Meta.swift; sourceTree = "<group>"; };
		AC7F8EFC23CBC00E005A2A80 /* RestaurantsLimitQuery.swift */ = {isa = PBXFileReference; lastKnownFileType = sourcecode.swift; path = RestaurantsLimitQuery.swift; sourceTree = "<group>"; };
		AC7F8EFE23CBD894005A2A80 /* RestaurantsQuery.swift */ = {isa = PBXFileReference; lastKnownFileType = sourcecode.swift; path = RestaurantsQuery.swift; sourceTree = "<group>"; };
		AC7F8F0023CC72B3005A2A80 /* MapOverlayOpacityQuery.swift */ = {isa = PBXFileReference; lastKnownFileType = sourcecode.swift; path = MapOverlayOpacityQuery.swift; sourceTree = "<group>"; };
		AC7F8F0223CCA3E9005A2A80 /* QueryThrottler.swift */ = {isa = PBXFileReference; lastKnownFileType = sourcecode.swift; path = QueryThrottler.swift; sourceTree = "<group>"; };
		ACB7D53123C9BF1A009DF29A /* FindRestaurants.app */ = {isa = PBXFileReference; explicitFileType = wrapper.application; includeInIndex = 0; path = FindRestaurants.app; sourceTree = BUILT_PRODUCTS_DIR; };
		ACB7D53423C9BF1A009DF29A /* AppDelegate.swift */ = {isa = PBXFileReference; lastKnownFileType = sourcecode.swift; path = AppDelegate.swift; sourceTree = "<group>"; };
		ACB7D53D23C9BF1F009DF29A /* Assets.xcassets */ = {isa = PBXFileReference; lastKnownFileType = folder.assetcatalog; path = Assets.xcassets; sourceTree = "<group>"; };
		ACB7D54023C9BF1F009DF29A /* Base */ = {isa = PBXFileReference; lastKnownFileType = file.storyboard; name = Base; path = Base.lproj/LaunchScreen.storyboard; sourceTree = "<group>"; };
		ACB7D54223C9BF1F009DF29A /* Info.plist */ = {isa = PBXFileReference; lastKnownFileType = text.plist.xml; path = Info.plist; sourceTree = "<group>"; };
		ACB7D54923C9C60B009DF29A /* RestaurantsViewController.swift */ = {isa = PBXFileReference; lastKnownFileType = sourcecode.swift; path = RestaurantsViewController.swift; sourceTree = "<group>"; };
		ACB7D54A23C9C60B009DF29A /* RestaurantsViewController.xib */ = {isa = PBXFileReference; lastKnownFileType = file.xib; path = RestaurantsViewController.xib; sourceTree = "<group>"; };
		ACB7D54B23C9C60B009DF29A /* RestaurantsRouterFactory.swift */ = {isa = PBXFileReference; lastKnownFileType = sourcecode.swift; path = RestaurantsRouterFactory.swift; sourceTree = "<group>"; };
		ACB7D54C23C9C60B009DF29A /* RestaurantsInteractor.swift */ = {isa = PBXFileReference; lastKnownFileType = sourcecode.swift; path = RestaurantsInteractor.swift; sourceTree = "<group>"; };
		ACB7D54D23C9C60B009DF29A /* RestaurantsRouter.swift */ = {isa = PBXFileReference; lastKnownFileType = sourcecode.swift; path = RestaurantsRouter.swift; sourceTree = "<group>"; };
		ACB7D54E23C9C60B009DF29A /* RestaurantsPresenter.swift */ = {isa = PBXFileReference; lastKnownFileType = sourcecode.swift; path = RestaurantsPresenter.swift; sourceTree = "<group>"; };
		ACB7D54F23C9C60B009DF29A /* RestaurantsDisplayFactory.swift */ = {isa = PBXFileReference; lastKnownFileType = sourcecode.swift; path = RestaurantsDisplayFactory.swift; sourceTree = "<group>"; };
		ACB7D55723C9CBAC009DF29A /* MapStyle.geojson */ = {isa = PBXFileReference; fileEncoding = 4; lastKnownFileType = text; path = MapStyle.geojson; sourceTree = "<group>"; };
		ACB7D55A23C9E9D1009DF29A /* FoursquareApiClient.swift */ = {isa = PBXFileReference; lastKnownFileType = sourcecode.swift; path = FoursquareApiClient.swift; sourceTree = "<group>"; };
		ACB7D55D23C9F60A009DF29A /* SearchVenuesResponse.swift */ = {isa = PBXFileReference; lastKnownFileType = sourcecode.swift; path = SearchVenuesResponse.swift; sourceTree = "<group>"; };
		ACB7D56223C9FC7E009DF29A /* Coordinate.swift */ = {isa = PBXFileReference; lastKnownFileType = sourcecode.swift; path = Coordinate.swift; sourceTree = "<group>"; };
		ACB7D56423CA0F84009DF29A /* Venue.swift */ = {isa = PBXFileReference; lastKnownFileType = sourcecode.swift; path = Venue.swift; sourceTree = "<group>"; };
		ACB7D56A23CA3A29009DF29A /* StorageManager.swift */ = {isa = PBXFileReference; lastKnownFileType = sourcecode.swift; path = StorageManager.swift; sourceTree = "<group>"; };
		ACB7D56D23CA3DCB009DF29A /* PopupState.swift */ = {isa = PBXFileReference; lastKnownFileType = sourcecode.swift; path = PopupState.swift; sourceTree = "<group>"; };
		ACB7D56F23CA3DD6009DF29A /* PopupViewAnimator.swift */ = {isa = PBXFileReference; lastKnownFileType = sourcecode.swift; path = PopupViewAnimator.swift; sourceTree = "<group>"; };
		ACB7D57223CA3E70009DF29A /* RestaurantInfoView.swift */ = {isa = PBXFileReference; lastKnownFileType = sourcecode.swift; path = RestaurantInfoView.swift; sourceTree = "<group>"; };
		ACB7D57523CA3F53009DF29A /* AppTheme.swift */ = {isa = PBXFileReference; lastKnownFileType = sourcecode.swift; path = AppTheme.swift; sourceTree = "<group>"; };
		ACB7D57723CA3F6B009DF29A /* TextAttributes.swift */ = {isa = PBXFileReference; lastKnownFileType = sourcecode.swift; path = TextAttributes.swift; sourceTree = "<group>"; };
		ACB7D57923CA3FFB009DF29A /* RestaurantInfoViewState.swift */ = {isa = PBXFileReference; lastKnownFileType = sourcecode.swift; path = RestaurantInfoViewState.swift; sourceTree = "<group>"; };
		ACB7D57B23CA881E009DF29A /* GetVenueDetailsResponse.swift */ = {isa = PBXFileReference; lastKnownFileType = sourcecode.swift; path = GetVenueDetailsResponse.swift; sourceTree = "<group>"; };
		BF20EDF742A040286870131F /* Pods-FindRestaurants.debug.xcconfig */ = {isa = PBXFileReference; includeInIndex = 1; lastKnownFileType = text.xcconfig; name = "Pods-FindRestaurants.debug.xcconfig"; path = "Target Support Files/Pods-FindRestaurants/Pods-FindRestaurants.debug.xcconfig"; sourceTree = "<group>"; };
		E18210E33E5DF742C8BD4876 /* Pods_FindRestaurants.framework */ = {isa = PBXFileReference; explicitFileType = wrapper.framework; includeInIndex = 0; path = Pods_FindRestaurants.framework; sourceTree = BUILT_PRODUCTS_DIR; };
/* End PBXFileReference section */

/* Begin PBXFrameworksBuildPhase section */
		AC2DBEE624015E30006B76B1 /* Frameworks */ = {
			isa = PBXFrameworksBuildPhase;
			buildActionMask = 2147483647;
			files = (
				72FE99D373FFA6656FA3868E /* Pods_FindRestaurantsTests.framework in Frameworks */,
			);
			runOnlyForDeploymentPostprocessing = 0;
		};
		ACB7D52E23C9BF1A009DF29A /* Frameworks */ = {
			isa = PBXFrameworksBuildPhase;
			buildActionMask = 2147483647;
			files = (
				396B4D1709A51BDBD51C2A56 /* Pods_FindRestaurants.framework in Frameworks */,
			);
			runOnlyForDeploymentPostprocessing = 0;
		};
/* End PBXFrameworksBuildPhase section */

/* Begin PBXGroup section */
		1A25F10DA337A943CC881FE0 /* Pods */ = {
			isa = PBXGroup;
			children = (
				BF20EDF742A040286870131F /* Pods-FindRestaurants.debug.xcconfig */,
				A57FE6656564A55FF8E974E6 /* Pods-FindRestaurants.release.xcconfig */,
				0BBFE45B2774B7A373D3F85A /* Pods-FindRestaurantsTests.debug.xcconfig */,
				5A28729AD72F29F9EF5E7D7C /* Pods-FindRestaurantsTests.release.xcconfig */,
			);
			path = Pods;
			sourceTree = "<group>";
		};
		AC2DBEEA24015E30006B76B1 /* FindRestaurantsTests */ = {
			isa = PBXGroup;
			children = (
				AC2DBF0A2401899D006B76B1 /* Screens */,
			);
			path = FindRestaurantsTests;
			sourceTree = "<group>";
		};
		AC2DBEF324015E9A006B76B1 /* Sourcery */ = {
			isa = PBXGroup;
			children = (
				AC2DBEF424015E9A006B76B1 /* Generated */,
				AC2DBEF724015E9A006B76B1 /* CodeGeneration */,
				AC2DBEFE24015E9A006B76B1 /* Mocks.internal.stencil */,
			);
			path = Sourcery;
			sourceTree = "<group>";
		};
		AC2DBEF424015E9A006B76B1 /* Generated */ = {
			isa = PBXGroup;
			children = (
				AC2DBEF624015E9A006B76B1 /* Mocks.internal.generated.swift */,
			);
			path = Generated;
			sourceTree = "<group>";
		};
		AC2DBEF724015E9A006B76B1 /* CodeGeneration */ = {
			isa = PBXGroup;
			children = (
				AC2DBEF824015E9A006B76B1 /* Mocks */,
				AC2DBEFD24015E9A006B76B1 /* README.md */,
			);
			path = CodeGeneration;
			sourceTree = "<group>";
		};
		AC2DBEF824015E9A006B76B1 /* Mocks */ = {
			isa = PBXGroup;
			children = (
				AC2DBEF924015E9A006B76B1 /* Internal */,
				AC2DBEFC24015E9A006B76B1 /* template.include */,
			);
			path = Mocks;
			sourceTree = "<group>";
		};
		AC2DBEF924015E9A006B76B1 /* Internal */ = {
			isa = PBXGroup;
			children = (
				AC2DBEFA24015E9A006B76B1 /* MockResult.swift */,
				AC2DBEFB24015E9A006B76B1 /* file-output.include */,
			);
			path = Internal;
			sourceTree = "<group>";
		};
		AC2DBF062401656E006B76B1 /* Restaurants */ = {
			isa = PBXGroup;
			children = (
				AC2DBF072401658E006B76B1 /* RestaurantsInteractorSpec.swift */,
			);
			path = Restaurants;
			sourceTree = "<group>";
		};
		AC2DBF0924018977006B76B1 /* Screens */ = {
			isa = PBXGroup;
			children = (
				ACB7D57123CA3E34009DF29A /* Restaurant Info */,
				ACB7D54823C9C51C009DF29A /* Restaurants */,
			);
			path = Screens;
			sourceTree = "<group>";
		};
		AC2DBF0A2401899D006B76B1 /* Screens */ = {
			isa = PBXGroup;
			children = (
				AC2DBF062401656E006B76B1 /* Restaurants */,
			);
			path = Screens;
			sourceTree = "<group>";
		};
		AC2DBF0B24019942006B76B1 /* Core */ = {
			isa = PBXGroup;
			children = (
				AC2DBF0E24019974006B76B1 /* Dependencies */,
				ACB7D55923C9E999009DF29A /* FoursquareApi */,
			);
			path = Core;
			sourceTree = "<group>";
		};
		AC2DBF0E24019974006B76B1 /* Dependencies */ = {
			isa = PBXGroup;
			children = (
				AC2DBF0C2401995A006B76B1 /* Dependencies.swift */,
			);
			path = Dependencies;
			sourceTree = "<group>";
		};
		AC2DBF0F2401B730006B76B1 /* UX */ = {
			isa = PBXGroup;
			children = (
				ACB7D57423CA3F39009DF29A /* Theme */,
				ACB7D56C23CA3DB7009DF29A /* Popup Animator */,
			);
			path = UX;
			sourceTree = "<group>";
		};
		ACB7D52823C9BF19009DF29A = {
			isa = PBXGroup;
			children = (
				AC2DBEF324015E9A006B76B1 /* Sourcery */,
				ACB7D53323C9BF1A009DF29A /* FindRestaurants */,
				AC2DBEEA24015E30006B76B1 /* FindRestaurantsTests */,
				ACB7D53223C9BF1A009DF29A /* Products */,
				1A25F10DA337A943CC881FE0 /* Pods */,
				DD15C2E73EAE67C33A4B8B85 /* Frameworks */,
			);
			sourceTree = "<group>";
		};
		ACB7D53223C9BF1A009DF29A /* Products */ = {
			isa = PBXGroup;
			children = (
				ACB7D53123C9BF1A009DF29A /* FindRestaurants.app */,
				AC2DBEE924015E30006B76B1 /* FindRestaurantsTests.xctest */,
			);
			name = Products;
			sourceTree = "<group>";
		};
		ACB7D53323C9BF1A009DF29A /* FindRestaurants */ = {
			isa = PBXGroup;
			children = (
				AC2DBF0F2401B730006B76B1 /* UX */,
				AC2DBF0B24019942006B76B1 /* Core */,
				AC2DBF0924018977006B76B1 /* Screens */,
				ACB7D53423C9BF1A009DF29A /* AppDelegate.swift */,
				ACB7D53D23C9BF1F009DF29A /* Assets.xcassets */,
				ACB7D53F23C9BF1F009DF29A /* LaunchScreen.storyboard */,
				ACB7D54223C9BF1F009DF29A /* Info.plist */,
			);
			path = FindRestaurants;
			sourceTree = "<group>";
		};
		ACB7D54823C9C51C009DF29A /* Restaurants */ = {
			isa = PBXGroup;
			children = (
				ACB7D56923CA3A1C009DF29A /* Workers */,
				ACB7D56123C9FC6E009DF29A /* Types */,
				ACB7D54923C9C60B009DF29A /* RestaurantsViewController.swift */,
				ACB7D54A23C9C60B009DF29A /* RestaurantsViewController.xib */,
				ACB7D54B23C9C60B009DF29A /* RestaurantsRouterFactory.swift */,
				ACB7D54C23C9C60B009DF29A /* RestaurantsInteractor.swift */,
				ACB7D54D23C9C60B009DF29A /* RestaurantsRouter.swift */,
				ACB7D54E23C9C60B009DF29A /* RestaurantsPresenter.swift */,
				ACB7D54F23C9C60B009DF29A /* RestaurantsDisplayFactory.swift */,
				ACB7D55723C9CBAC009DF29A /* MapStyle.geojson */,
			);
			path = Restaurants;
			sourceTree = "<group>";
		};
		ACB7D55923C9E999009DF29A /* FoursquareApi */ = {
			isa = PBXGroup;
			children = (
				ACB7D55C23C9F5EF009DF29A /* Respons */,
				AC7F8EF823CB240C005A2A80 /* Restaurant.swift */,
				ACB7D55A23C9E9D1009DF29A /* FoursquareApiClient.swift */,
			);
			path = FoursquareApi;
			sourceTree = "<group>";
		};
		ACB7D55C23C9F5EF009DF29A /* Respons */ = {
			isa = PBXGroup;
			children = (
				ACB7D55D23C9F60A009DF29A /* SearchVenuesResponse.swift */,
				ACB7D57B23CA881E009DF29A /* GetVenueDetailsResponse.swift */,
				AC7F8EFA23CB4235005A2A80 /* Meta.swift */,
				ACB7D56423CA0F84009DF29A /* Venue.swift */,
			);
			path = Respons;
			sourceTree = "<group>";
		};
		ACB7D56123C9FC6E009DF29A /* Types */ = {
			isa = PBXGroup;
			children = (
				ACB7D56223C9FC7E009DF29A /* Coordinate.swift */,
			);
			path = Types;
			sourceTree = "<group>";
		};
		ACB7D56923CA3A1C009DF29A /* Workers */ = {
			isa = PBXGroup;
			children = (
				ACB7D56A23CA3A29009DF29A /* StorageManager.swift */,
				AC7F8EFC23CBC00E005A2A80 /* RestaurantsLimitQuery.swift */,
				AC7F8EFE23CBD894005A2A80 /* RestaurantsQuery.swift */,
				AC7F8F0023CC72B3005A2A80 /* MapOverlayOpacityQuery.swift */,
				AC7F8F0223CCA3E9005A2A80 /* QueryThrottler.swift */,
			);
			path = Workers;
			sourceTree = "<group>";
		};
		ACB7D56C23CA3DB7009DF29A /* Popup Animator */ = {
			isa = PBXGroup;
			children = (
				ACB7D56D23CA3DCB009DF29A /* PopupState.swift */,
				ACB7D56F23CA3DD6009DF29A /* PopupViewAnimator.swift */,
			);
			path = "Popup Animator";
			sourceTree = "<group>";
		};
		ACB7D57123CA3E34009DF29A /* Restaurant Info */ = {
			isa = PBXGroup;
			children = (
				ACB7D57923CA3FFB009DF29A /* RestaurantInfoViewState.swift */,
				ACB7D57223CA3E70009DF29A /* RestaurantInfoView.swift */,
			);
			path = "Restaurant Info";
			sourceTree = "<group>";
		};
		ACB7D57423CA3F39009DF29A /* Theme */ = {
			isa = PBXGroup;
			children = (
				ACB7D57523CA3F53009DF29A /* AppTheme.swift */,
				ACB7D57723CA3F6B009DF29A /* TextAttributes.swift */,
			);
			path = Theme;
			sourceTree = "<group>";
		};
		DD15C2E73EAE67C33A4B8B85 /* Frameworks */ = {
			isa = PBXGroup;
			children = (
				E18210E33E5DF742C8BD4876 /* Pods_FindRestaurants.framework */,
				521ACBEA3D2EB36CADE9C49E /* Pods_FindRestaurantsTests.framework */,
			);
			name = Frameworks;
			sourceTree = "<group>";
		};
/* End PBXGroup section */

/* Begin PBXNativeTarget section */
		AC2DBEE824015E30006B76B1 /* FindRestaurantsTests */ = {
			isa = PBXNativeTarget;
			buildConfigurationList = AC2DBEF224015E30006B76B1 /* Build configuration list for PBXNativeTarget "FindRestaurantsTests" */;
			buildPhases = (
				49B5F726478A8307B8A560B6 /* [CP] Check Pods Manifest.lock */,
				AC2DBEE524015E30006B76B1 /* Sources */,
				AC2DBEE624015E30006B76B1 /* Frameworks */,
				AC2DBEE724015E30006B76B1 /* Resources */,
				BA46B0A15B99CC203F530C7D /* [CP] Embed Pods Frameworks */,
			);
			buildRules = (
			);
			dependencies = (
				AC2DBEEF24015E30006B76B1 /* PBXTargetDependency */,
			);
			name = FindRestaurantsTests;
			productName = FindRestaurantsTests;
			productReference = AC2DBEE924015E30006B76B1 /* FindRestaurantsTests.xctest */;
			productType = "com.apple.product-type.bundle.unit-test";
		};
		ACB7D53023C9BF1A009DF29A /* FindRestaurants */ = {
			isa = PBXNativeTarget;
			buildConfigurationList = ACB7D54523C9BF1F009DF29A /* Build configuration list for PBXNativeTarget "FindRestaurants" */;
			buildPhases = (
				AC5CBCE75A69C2655C771C00 /* [CP] Check Pods Manifest.lock */,
				ACB7D52D23C9BF1A009DF29A /* Sources */,
				ACB7D52E23C9BF1A009DF29A /* Frameworks */,
				ACB7D52F23C9BF1A009DF29A /* Resources */,
				CAA901EEBC36B56A450EE256 /* [CP] Copy Pods Resources */,
			);
			buildRules = (
			);
			dependencies = (
			);
			name = FindRestaurants;
			productName = FindRestaurants;
			productReference = ACB7D53123C9BF1A009DF29A /* FindRestaurants.app */;
			productType = "com.apple.product-type.application";
		};
/* End PBXNativeTarget section */

/* Begin PBXProject section */
		ACB7D52923C9BF19009DF29A /* Project object */ = {
			isa = PBXProject;
			attributes = {
				LastSwiftUpdateCheck = 1130;
				LastUpgradeCheck = 1130;
				ORGANIZATIONNAME = Personal;
				TargetAttributes = {
					AC2DBEE824015E30006B76B1 = {
						CreatedOnToolsVersion = 11.3.1;
						TestTargetID = ACB7D53023C9BF1A009DF29A;
					};
					ACB7D53023C9BF1A009DF29A = {
						CreatedOnToolsVersion = 11.3;
					};
				};
			};
			buildConfigurationList = ACB7D52C23C9BF19009DF29A /* Build configuration list for PBXProject "FindRestaurants" */;
			compatibilityVersion = "Xcode 9.3";
			developmentRegion = en;
			hasScannedForEncodings = 0;
			knownRegions = (
				en,
				Base,
			);
			mainGroup = ACB7D52823C9BF19009DF29A;
			productRefGroup = ACB7D53223C9BF1A009DF29A /* Products */;
			projectDirPath = "";
			projectRoot = "";
			targets = (
				ACB7D53023C9BF1A009DF29A /* FindRestaurants */,
				AC2DBEE824015E30006B76B1 /* FindRestaurantsTests */,
			);
		};
/* End PBXProject section */

/* Begin PBXResourcesBuildPhase section */
		AC2DBEE724015E30006B76B1 /* Resources */ = {
			isa = PBXResourcesBuildPhase;
			buildActionMask = 2147483647;
			files = (
				AC2DBF0424015E9A006B76B1 /* README.md in Resources */,
				AC2DBF0324015E9A006B76B1 /* template.include in Resources */,
				AC2DBF0524015E9A006B76B1 /* Mocks.internal.stencil in Resources */,
				AC2DBF0224015E9A006B76B1 /* file-output.include in Resources */,
			);
			runOnlyForDeploymentPostprocessing = 0;
		};
		ACB7D52F23C9BF1A009DF29A /* Resources */ = {
			isa = PBXResourcesBuildPhase;
			buildActionMask = 2147483647;
			files = (
				ACB7D54123C9BF1F009DF29A /* LaunchScreen.storyboard in Resources */,
				ACB7D55123C9C60B009DF29A /* RestaurantsViewController.xib in Resources */,
				ACB7D55823C9CBAC009DF29A /* MapStyle.geojson in Resources */,
				ACB7D53E23C9BF1F009DF29A /* Assets.xcassets in Resources */,
			);
			runOnlyForDeploymentPostprocessing = 0;
		};
/* End PBXResourcesBuildPhase section */

/* Begin PBXShellScriptBuildPhase section */
		49B5F726478A8307B8A560B6 /* [CP] Check Pods Manifest.lock */ = {
			isa = PBXShellScriptBuildPhase;
			buildActionMask = 2147483647;
			files = (
			);
			inputFileListPaths = (
			);
			inputPaths = (
				"${PODS_PODFILE_DIR_PATH}/Podfile.lock",
				"${PODS_ROOT}/Manifest.lock",
			);
			name = "[CP] Check Pods Manifest.lock";
			outputFileListPaths = (
			);
			outputPaths = (
				"$(DERIVED_FILE_DIR)/Pods-FindRestaurantsTests-checkManifestLockResult.txt",
			);
			runOnlyForDeploymentPostprocessing = 0;
			shellPath = /bin/sh;
			shellScript = "diff \"${PODS_PODFILE_DIR_PATH}/Podfile.lock\" \"${PODS_ROOT}/Manifest.lock\" > /dev/null\nif [ $? != 0 ] ; then\n    # print error to STDERR\n    echo \"error: The sandbox is not in sync with the Podfile.lock. Run 'pod install' or update your CocoaPods installation.\" >&2\n    exit 1\nfi\n# This output is used by Xcode 'outputs' to avoid re-running this script phase.\necho \"SUCCESS\" > \"${SCRIPT_OUTPUT_FILE_0}\"\n";
			showEnvVarsInLog = 0;
		};
		AC5CBCE75A69C2655C771C00 /* [CP] Check Pods Manifest.lock */ = {
			isa = PBXShellScriptBuildPhase;
			buildActionMask = 2147483647;
			files = (
			);
			inputFileListPaths = (
			);
			inputPaths = (
				"${PODS_PODFILE_DIR_PATH}/Podfile.lock",
				"${PODS_ROOT}/Manifest.lock",
			);
			name = "[CP] Check Pods Manifest.lock";
			outputFileListPaths = (
			);
			outputPaths = (
				"$(DERIVED_FILE_DIR)/Pods-FindRestaurants-checkManifestLockResult.txt",
			);
			runOnlyForDeploymentPostprocessing = 0;
			shellPath = /bin/sh;
			shellScript = "diff \"${PODS_PODFILE_DIR_PATH}/Podfile.lock\" \"${PODS_ROOT}/Manifest.lock\" > /dev/null\nif [ $? != 0 ] ; then\n    # print error to STDERR\n    echo \"error: The sandbox is not in sync with the Podfile.lock. Run 'pod install' or update your CocoaPods installation.\" >&2\n    exit 1\nfi\n# This output is used by Xcode 'outputs' to avoid re-running this script phase.\necho \"SUCCESS\" > \"${SCRIPT_OUTPUT_FILE_0}\"\n";
			showEnvVarsInLog = 0;
		};
		BA46B0A15B99CC203F530C7D /* [CP] Embed Pods Frameworks */ = {
			isa = PBXShellScriptBuildPhase;
			buildActionMask = 2147483647;
			files = (
			);
			inputFileListPaths = (
				"${PODS_ROOT}/Target Support Files/Pods-FindRestaurantsTests/Pods-FindRestaurantsTests-frameworks-${CONFIGURATION}-input-files.xcfilelist",
			);
			name = "[CP] Embed Pods Frameworks";
			outputFileListPaths = (
				"${PODS_ROOT}/Target Support Files/Pods-FindRestaurantsTests/Pods-FindRestaurantsTests-frameworks-${CONFIGURATION}-output-files.xcfilelist",
			);
			runOnlyForDeploymentPostprocessing = 0;
			shellPath = /bin/sh;
			shellScript = "\"${PODS_ROOT}/Target Support Files/Pods-FindRestaurantsTests/Pods-FindRestaurantsTests-frameworks.sh\"\n";
			showEnvVarsInLog = 0;
		};
		CAA901EEBC36B56A450EE256 /* [CP] Copy Pods Resources */ = {
			isa = PBXShellScriptBuildPhase;
			buildActionMask = 2147483647;
			files = (
			);
			inputFileListPaths = (
				"${PODS_ROOT}/Target Support Files/Pods-FindRestaurants/Pods-FindRestaurants-resources-${CONFIGURATION}-input-files.xcfilelist",
			);
			name = "[CP] Copy Pods Resources";
			outputFileListPaths = (
				"${PODS_ROOT}/Target Support Files/Pods-FindRestaurants/Pods-FindRestaurants-resources-${CONFIGURATION}-output-files.xcfilelist",
			);
			runOnlyForDeploymentPostprocessing = 0;
			shellPath = /bin/sh;
			shellScript = "\"${PODS_ROOT}/Target Support Files/Pods-FindRestaurants/Pods-FindRestaurants-resources.sh\"\n";
			showEnvVarsInLog = 0;
		};
/* End PBXShellScriptBuildPhase section */

/* Begin PBXSourcesBuildPhase section */
		AC2DBEE524015E30006B76B1 /* Sources */ = {
			isa = PBXSourcesBuildPhase;
			buildActionMask = 2147483647;
			files = (
				AC2DBF082401658E006B76B1 /* RestaurantsInteractorSpec.swift in Sources */,
				AC2DBF0124015E9A006B76B1 /* MockResult.swift in Sources */,
				AC2DBF0024015E9A006B76B1 /* Mocks.internal.generated.swift in Sources */,
			);
			runOnlyForDeploymentPostprocessing = 0;
		};
		ACB7D52D23C9BF1A009DF29A /* Sources */ = {
			isa = PBXSourcesBuildPhase;
			buildActionMask = 2147483647;
			files = (
				AC7F8EF923CB240C005A2A80 /* Restaurant.swift in Sources */,
				AC7F8EFF23CBD894005A2A80 /* RestaurantsQuery.swift in Sources */,
				ACB7D57C23CA881E009DF29A /* GetVenueDetailsResponse.swift in Sources */,
				ACB7D57623CA3F53009DF29A /* AppTheme.swift in Sources */,
				ACB7D56E23CA3DCB009DF29A /* PopupState.swift in Sources */,
				ACB7D56523CA0F84009DF29A /* Venue.swift in Sources */,
				AC7F8F0123CC72B3005A2A80 /* MapOverlayOpacityQuery.swift in Sources */,
				AC7F8F0323CCA3E9005A2A80 /* QueryThrottler.swift in Sources */,
				AC7F8EFB23CB4235005A2A80 /* Meta.swift in Sources */,
				ACB7D55E23C9F60A009DF29A /* SearchVenuesResponse.swift in Sources */,
				ACB7D55523C9C60B009DF29A /* RestaurantsPresenter.swift in Sources */,
				ACB7D57823CA3F6B009DF29A /* TextAttributes.swift in Sources */,
				ACB7D57323CA3E70009DF29A /* RestaurantInfoView.swift in Sources */,
				ACB7D55323C9C60B009DF29A /* RestaurantsInteractor.swift in Sources */,
				AC7F8EFD23CBC00E005A2A80 /* RestaurantsLimitQuery.swift in Sources */,
				ACB7D57A23CA3FFB009DF29A /* RestaurantInfoViewState.swift in Sources */,
				AC2DBF0D2401995A006B76B1 /* Dependencies.swift in Sources */,
				ACB7D55B23C9E9D1009DF29A /* FoursquareApiClient.swift in Sources */,
				ACB7D56323C9FC7E009DF29A /* Coordinate.swift in Sources */,
				ACB7D55023C9C60B009DF29A /* RestaurantsViewController.swift in Sources */,
				ACB7D53523C9BF1A009DF29A /* AppDelegate.swift in Sources */,
				ACB7D55223C9C60B009DF29A /* RestaurantsRouterFactory.swift in Sources */,
				ACB7D55423C9C60B009DF29A /* RestaurantsRouter.swift in Sources */,
				ACB7D55623C9C60B009DF29A /* RestaurantsDisplayFactory.swift in Sources */,
				ACB7D57023CA3DD6009DF29A /* PopupViewAnimator.swift in Sources */,
				ACB7D56B23CA3A29009DF29A /* StorageManager.swift in Sources */,
			);
			runOnlyForDeploymentPostprocessing = 0;
		};
/* End PBXSourcesBuildPhase section */

/* Begin PBXTargetDependency section */
		AC2DBEEF24015E30006B76B1 /* PBXTargetDependency */ = {
			isa = PBXTargetDependency;
			target = ACB7D53023C9BF1A009DF29A /* FindRestaurants */;
			targetProxy = AC2DBEEE24015E30006B76B1 /* PBXContainerItemProxy */;
		};
/* End PBXTargetDependency section */

/* Begin PBXVariantGroup section */
		ACB7D53F23C9BF1F009DF29A /* LaunchScreen.storyboard */ = {
			isa = PBXVariantGroup;
			children = (
				ACB7D54023C9BF1F009DF29A /* Base */,
			);
			name = LaunchScreen.storyboard;
			sourceTree = "<group>";
		};
/* End PBXVariantGroup section */

/* Begin XCBuildConfiguration section */
		AC2DBEF024015E30006B76B1 /* Debug */ = {
			isa = XCBuildConfiguration;
			baseConfigurationReference = 0BBFE45B2774B7A373D3F85A /* Pods-FindRestaurantsTests.debug.xcconfig */;
			buildSettings = {
				BUNDLE_LOADER = "$(TEST_HOST)";
				CODE_SIGN_STYLE = Automatic;
				DEVELOPMENT_TEAM = R7K5GU674A;
				INFOPLIST_FILE = FindRestaurantsTests/Info.plist;
				LD_RUNPATH_SEARCH_PATHS = (
					"$(inherited)",
					"@executable_path/Frameworks",
					"@loader_path/Frameworks",
				);
				PRODUCT_BUNDLE_IDENTIFIER = com.ios.FindRestaurantsTests;
				PRODUCT_NAME = "$(TARGET_NAME)";
				SWIFT_VERSION = 5.0;
				TARGETED_DEVICE_FAMILY = "1,2";
				TEST_HOST = "$(BUILT_PRODUCTS_DIR)/FindRestaurants.app/FindRestaurants";
			};
			name = Debug;
		};
		AC2DBEF124015E30006B76B1 /* Release */ = {
			isa = XCBuildConfiguration;
			baseConfigurationReference = 5A28729AD72F29F9EF5E7D7C /* Pods-FindRestaurantsTests.release.xcconfig */;
			buildSettings = {
				BUNDLE_LOADER = "$(TEST_HOST)";
				CODE_SIGN_STYLE = Automatic;
				DEVELOPMENT_TEAM = R7K5GU674A;
				INFOPLIST_FILE = FindRestaurantsTests/Info.plist;
				LD_RUNPATH_SEARCH_PATHS = (
					"$(inherited)",
					"@executable_path/Frameworks",
					"@loader_path/Frameworks",
				);
				PRODUCT_BUNDLE_IDENTIFIER = com.ios.FindRestaurantsTests;
				PRODUCT_NAME = "$(TARGET_NAME)";
				SWIFT_VERSION = 5.0;
				TARGETED_DEVICE_FAMILY = "1,2";
				TEST_HOST = "$(BUILT_PRODUCTS_DIR)/FindRestaurants.app/FindRestaurants";
			};
			name = Release;
		};
		ACB7D54323C9BF1F009DF29A /* Debug */ = {
			isa = XCBuildConfiguration;
			buildSettings = {
				ALWAYS_SEARCH_USER_PATHS = NO;
				CLANG_ANALYZER_NONNULL = YES;
				CLANG_ANALYZER_NUMBER_OBJECT_CONVERSION = YES_AGGRESSIVE;
				CLANG_CXX_LANGUAGE_STANDARD = "gnu++14";
				CLANG_CXX_LIBRARY = "libc++";
				CLANG_ENABLE_MODULES = YES;
				CLANG_ENABLE_OBJC_ARC = YES;
				CLANG_ENABLE_OBJC_WEAK = YES;
				CLANG_WARN_BLOCK_CAPTURE_AUTORELEASING = YES;
				CLANG_WARN_BOOL_CONVERSION = YES;
				CLANG_WARN_COMMA = YES;
				CLANG_WARN_CONSTANT_CONVERSION = YES;
				CLANG_WARN_DEPRECATED_OBJC_IMPLEMENTATIONS = YES;
				CLANG_WARN_DIRECT_OBJC_ISA_USAGE = YES_ERROR;
				CLANG_WARN_DOCUMENTATION_COMMENTS = YES;
				CLANG_WARN_EMPTY_BODY = YES;
				CLANG_WARN_ENUM_CONVERSION = YES;
				CLANG_WARN_INFINITE_RECURSION = YES;
				CLANG_WARN_INT_CONVERSION = YES;
				CLANG_WARN_NON_LITERAL_NULL_CONVERSION = YES;
				CLANG_WARN_OBJC_IMPLICIT_RETAIN_SELF = YES;
				CLANG_WARN_OBJC_LITERAL_CONVERSION = YES;
				CLANG_WARN_OBJC_ROOT_CLASS = YES_ERROR;
				CLANG_WARN_RANGE_LOOP_ANALYSIS = YES;
				CLANG_WARN_STRICT_PROTOTYPES = YES;
				CLANG_WARN_SUSPICIOUS_MOVE = YES;
				CLANG_WARN_UNGUARDED_AVAILABILITY = YES_AGGRESSIVE;
				CLANG_WARN_UNREACHABLE_CODE = YES;
				CLANG_WARN__DUPLICATE_METHOD_MATCH = YES;
				COPY_PHASE_STRIP = NO;
				DEBUG_INFORMATION_FORMAT = dwarf;
				ENABLE_STRICT_OBJC_MSGSEND = YES;
				ENABLE_TESTABILITY = YES;
				GCC_C_LANGUAGE_STANDARD = gnu11;
				GCC_DYNAMIC_NO_PIC = NO;
				GCC_NO_COMMON_BLOCKS = YES;
				GCC_OPTIMIZATION_LEVEL = 0;
				GCC_PREPROCESSOR_DEFINITIONS = (
					"DEBUG=1",
					"$(inherited)",
				);
				GCC_WARN_64_TO_32_BIT_CONVERSION = YES;
				GCC_WARN_ABOUT_RETURN_TYPE = YES_ERROR;
				GCC_WARN_UNDECLARED_SELECTOR = YES;
				GCC_WARN_UNINITIALIZED_AUTOS = YES_AGGRESSIVE;
				GCC_WARN_UNUSED_FUNCTION = YES;
				GCC_WARN_UNUSED_VARIABLE = YES;
				IPHONEOS_DEPLOYMENT_TARGET = 13.2;
				MTL_ENABLE_DEBUG_INFO = INCLUDE_SOURCE;
				MTL_FAST_MATH = YES;
				ONLY_ACTIVE_ARCH = YES;
				SDKROOT = iphoneos;
				SWIFT_ACTIVE_COMPILATION_CONDITIONS = DEBUG;
				SWIFT_OPTIMIZATION_LEVEL = "-Onone";
			};
			name = Debug;
		};
		ACB7D54423C9BF1F009DF29A /* Release */ = {
			isa = XCBuildConfiguration;
			buildSettings = {
				ALWAYS_SEARCH_USER_PATHS = NO;
				CLANG_ANALYZER_NONNULL = YES;
				CLANG_ANALYZER_NUMBER_OBJECT_CONVERSION = YES_AGGRESSIVE;
				CLANG_CXX_LANGUAGE_STANDARD = "gnu++14";
				CLANG_CXX_LIBRARY = "libc++";
				CLANG_ENABLE_MODULES = YES;
				CLANG_ENABLE_OBJC_ARC = YES;
				CLANG_ENABLE_OBJC_WEAK = YES;
				CLANG_WARN_BLOCK_CAPTURE_AUTORELEASING = YES;
				CLANG_WARN_BOOL_CONVERSION = YES;
				CLANG_WARN_COMMA = YES;
				CLANG_WARN_CONSTANT_CONVERSION = YES;
				CLANG_WARN_DEPRECATED_OBJC_IMPLEMENTATIONS = YES;
				CLANG_WARN_DIRECT_OBJC_ISA_USAGE = YES_ERROR;
				CLANG_WARN_DOCUMENTATION_COMMENTS = YES;
				CLANG_WARN_EMPTY_BODY = YES;
				CLANG_WARN_ENUM_CONVERSION = YES;
				CLANG_WARN_INFINITE_RECURSION = YES;
				CLANG_WARN_INT_CONVERSION = YES;
				CLANG_WARN_NON_LITERAL_NULL_CONVERSION = YES;
				CLANG_WARN_OBJC_IMPLICIT_RETAIN_SELF = YES;
				CLANG_WARN_OBJC_LITERAL_CONVERSION = YES;
				CLANG_WARN_OBJC_ROOT_CLASS = YES_ERROR;
				CLANG_WARN_RANGE_LOOP_ANALYSIS = YES;
				CLANG_WARN_STRICT_PROTOTYPES = YES;
				CLANG_WARN_SUSPICIOUS_MOVE = YES;
				CLANG_WARN_UNGUARDED_AVAILABILITY = YES_AGGRESSIVE;
				CLANG_WARN_UNREACHABLE_CODE = YES;
				CLANG_WARN__DUPLICATE_METHOD_MATCH = YES;
				COPY_PHASE_STRIP = NO;
				DEBUG_INFORMATION_FORMAT = "dwarf-with-dsym";
				ENABLE_NS_ASSERTIONS = NO;
				ENABLE_STRICT_OBJC_MSGSEND = YES;
				GCC_C_LANGUAGE_STANDARD = gnu11;
				GCC_NO_COMMON_BLOCKS = YES;
				GCC_WARN_64_TO_32_BIT_CONVERSION = YES;
				GCC_WARN_ABOUT_RETURN_TYPE = YES_ERROR;
				GCC_WARN_UNDECLARED_SELECTOR = YES;
				GCC_WARN_UNINITIALIZED_AUTOS = YES_AGGRESSIVE;
				GCC_WARN_UNUSED_FUNCTION = YES;
				GCC_WARN_UNUSED_VARIABLE = YES;
				IPHONEOS_DEPLOYMENT_TARGET = 13.2;
				MTL_ENABLE_DEBUG_INFO = NO;
				MTL_FAST_MATH = YES;
				SDKROOT = iphoneos;
				SWIFT_COMPILATION_MODE = wholemodule;
				SWIFT_OPTIMIZATION_LEVEL = "-O";
				VALIDATE_PRODUCT = YES;
			};
			name = Release;
		};
		ACB7D54623C9BF1F009DF29A /* Debug */ = {
			isa = XCBuildConfiguration;
			baseConfigurationReference = BF20EDF742A040286870131F /* Pods-FindRestaurants.debug.xcconfig */;
			buildSettings = {
				ASSETCATALOG_COMPILER_APPICON_NAME = AppIcon;
				CODE_SIGN_STYLE = Automatic;
				DEVELOPMENT_TEAM = R7K5GU674A;
				INFOPLIST_FILE = FindRestaurants/Info.plist;
				LD_RUNPATH_SEARCH_PATHS = (
					"$(inherited)",
					"@executable_path/Frameworks",
				);
				PRODUCT_BUNDLE_IDENTIFIER = com.ios.FindRestaurants;
				PRODUCT_NAME = "$(TARGET_NAME)";
				SWIFT_VERSION = 5.0;
				TARGETED_DEVICE_FAMILY = "1,2";
			};
			name = Debug;
		};
		ACB7D54723C9BF1F009DF29A /* Release */ = {
			isa = XCBuildConfiguration;
			baseConfigurationReference = A57FE6656564A55FF8E974E6 /* Pods-FindRestaurants.release.xcconfig */;
			buildSettings = {
				ASSETCATALOG_COMPILER_APPICON_NAME = AppIcon;
				CODE_SIGN_STYLE = Automatic;
				DEVELOPMENT_TEAM = R7K5GU674A;
				INFOPLIST_FILE = FindRestaurants/Info.plist;
				LD_RUNPATH_SEARCH_PATHS = (
					"$(inherited)",
					"@executable_path/Frameworks",
				);
				PRODUCT_BUNDLE_IDENTIFIER = com.ios.FindRestaurants;
				PRODUCT_NAME = "$(TARGET_NAME)";
				SWIFT_VERSION = 5.0;
				TARGETED_DEVICE_FAMILY = "1,2";
			};
			name = Release;
		};
/* End XCBuildConfiguration section */

/* Begin XCConfigurationList section */
		AC2DBEF224015E30006B76B1 /* Build configuration list for PBXNativeTarget "FindRestaurantsTests" */ = {
			isa = XCConfigurationList;
			buildConfigurations = (
				AC2DBEF024015E30006B76B1 /* Debug */,
				AC2DBEF124015E30006B76B1 /* Release */,
			);
			defaultConfigurationIsVisible = 0;
			defaultConfigurationName = Release;
		};
		ACB7D52C23C9BF19009DF29A /* Build configuration list for PBXProject "FindRestaurants" */ = {
			isa = XCConfigurationList;
			buildConfigurations = (
				ACB7D54323C9BF1F009DF29A /* Debug */,
				ACB7D54423C9BF1F009DF29A /* Release */,
			);
			defaultConfigurationIsVisible = 0;
			defaultConfigurationName = Release;
		};
		ACB7D54523C9BF1F009DF29A /* Build configuration list for PBXNativeTarget "FindRestaurants" */ = {
			isa = XCConfigurationList;
			buildConfigurations = (
				ACB7D54623C9BF1F009DF29A /* Debug */,
				ACB7D54723C9BF1F009DF29A /* Release */,
			);
			defaultConfigurationIsVisible = 0;
			defaultConfigurationName = Release;
		};
/* End XCConfigurationList section */
	};
	rootObject = ACB7D52923C9BF19009DF29A /* Project object */;
}
